
Microsoft Visual Studio Solution File, Format Version 12.00
# Visual Studio Version 17
VisualStudioVersion = 17.10.35013.160
MinimumVisualStudioVersion = 10.0.40219.1
Project("{FAE04EC0-301F-11D3-BF4B-00C04F79EFBC}") = "322_Egorov_Holodkov", "322_Egorov_Holodkov\322_Egorov_Holodkov.csproj", "{C4E5FE0D-9AA5-408C-A19D-1DB5CF33B17E}"
EndProject
Global
	GlobalSection(SolutionConfigurationPlatforms) = preSolution
		Debug|Any CPU = Debug|Any CPU
		Release|Any CPU = Release|Any CPU
	EndGlobalSection
	GlobalSection(ProjectConfigurationPlatforms) = postSolution
		{C4E5FE0D-9AA5-408C-A19D-1DB5CF33B17E}.Debug|Any CPU.ActiveCfg = Debug|Any CPU
		{C4E5FE0D-9AA5-408C-A19D-1DB5CF33B17E}.Debug|Any CPU.Build.0 = Debug|Any CPU
		{C4E5FE0D-9AA5-408C-A19D-1DB5CF33B17E}.Release|Any CPU.ActiveCfg = Release|Any CPU
		{C4E5FE0D-9AA5-408C-A19D-1DB5CF33B17E}.Release|Any CPU.Build.0 = Release|Any CPU
	EndGlobalSection
	GlobalSection(SolutionProperties) = preSolution
		HideSolutionNode = FALSE
	EndGlobalSection
	GlobalSection(ExtensibilityGlobals) = postSolution
		SolutionGuid = {9A2F231D-1466-4635-A415-952885BA2BB5}
	EndGlobalSection
EndGlobal
